# This lock file was generated by conda-lock (https://github.com/conda/conda-lock). DO NOT EDIT!
#
# A "lock file" contains a concrete list of package versions (with checksums) to be installed. Unlike
# e.g. `conda env create`, the resulting environment will not change as new package versions become
# available, unless you explicitly update the lock file.
#
# Install this environment as "YOURENV" with:
#     conda-lock install -n YOURENV conda-lock.yml
# To update a single package to the latest version compatible with the version constraints in the source:
#     conda-lock lock  --lockfile conda-lock.yml --update PACKAGE
# To re-solve the entire environment, e.g. after changing a version constraint in the source file:
#     conda-lock -f imc_denoise.yml --lockfile conda-lock.yml
version: 1
metadata:
  content_hash:
    linux-64: 0d422dde6ce6d1a60890f0172fd8abb134248159664b0a771f9726405fc26682
  channels:
  - url: conda-forge
    used_env_vars: []
  - url: nvidia
    used_env_vars: []
  - url: defaults
    used_env_vars: []
  platforms:
  - linux-64
  sources:
  - imc_denoise.yml
package:
- name: _libgcc_mutex
  version: '0.1'
  manager: conda
  platform: linux-64
  dependencies: {}
  url: https://conda.anaconda.org/conda-forge/linux-64/_libgcc_mutex-0.1-conda_forge.tar.bz2
  hash:
    md5: d7c89558ba9fa0495403155b64376d81
    sha256: fe51de6107f9edc7aa4f786a70f4a883943bc9d39b3bb7307c04c41410990726
  category: main
  optional: false
- name: _openmp_mutex
  version: '4.5'
  manager: conda
  platform: linux-64
  dependencies:
    _libgcc_mutex: '0.1'
    libgomp: '>=7.5.0'
  url: https://conda.anaconda.org/conda-forge/linux-64/_openmp_mutex-4.5-2_gnu.tar.bz2
  hash:
    md5: 73aaf86a425cc6e73fcf236a5a46396d
    sha256: fbe2c5e56a653bebb982eda4876a9178aedfc2b545f25d0ce9c4c0b508253d22
  category: main
  optional: false
- name: bzip2
  version: 1.0.8
  manager: conda
  platform: linux-64
  dependencies:
    __glibc: '>=2.17,<3.0.a0'
    libgcc: '>=14'
  url: https://conda.anaconda.org/conda-forge/linux-64/bzip2-1.0.8-hda65f42_8.conda
  hash:
    md5: 51a19bba1b8ebfb60df25cde030b7ebc
    sha256: c30daba32ddebbb7ded490f0e371eae90f51e72db620554089103b4a6934b0d5
  category: main
  optional: false
- name: ca-certificates
  version: 2025.11.12
  manager: conda
  platform: linux-64
  dependencies:
    __unix: ''
  url: https://conda.anaconda.org/conda-forge/noarch/ca-certificates-2025.11.12-hbd8a1cb_0.conda
  hash:
    md5: f0991f0f84902f6b6009b4d2350a83aa
    sha256: b986ba796d42c9d3265602bc038f6f5264095702dd546c14bc684e60c385e773
  category: main
  optional: false
- name: cudatoolkit
  version: 11.2.2
  manager: conda
  platform: linux-64
  dependencies:
    __glibc: '>=2.17,<3.0.a0'
    libgcc-ng: '>=12'
    libstdcxx-ng: '>=12'
  url: https://conda.anaconda.org/conda-forge/linux-64/cudatoolkit-11.2.2-hc23eb0c_13.conda
  hash:
    md5: 8494b1c8dcc0ec01f2d4652a90cd01ef
    sha256: c1f87f8b7c05abc56902ebe165fb8d6ca2302b866347097eba04e8728a91bd3f
  category: main
  optional: false
- name: cudnn
  version: 8.1.0.77
  manager: conda
  platform: linux-64
  dependencies:
    __glibc: '>=2.17,<3.0.a0'
    cudatoolkit: 11.*
    libgcc-ng: '>=3.0'
    libstdcxx-ng: '>=3.4'
  url: https://conda.anaconda.org/conda-forge/linux-64/cudnn-8.1.0.77-h90431f1_0.tar.bz2
  hash:
    md5: 7b8da042080da30d6d1c00d2924d3f7c
    sha256: c94d2ab3521bb22a57f55c19590fbd703b25fc20d0e1be866137de5c3e785d83
  category: main
  optional: false
- name: ld_impl_linux-64
  version: '2.45'
  manager: conda
  platform: linux-64
  dependencies:
    __glibc: '>=2.17,<3.0.a0'
    zstd: '>=1.5.7,<1.6.0a0'
  url: https://conda.anaconda.org/conda-forge/linux-64/ld_impl_linux-64-2.45-default_hbd61a6d_104.conda
  hash:
    md5: a6abd2796fc332536735f68ba23f7901
    sha256: 9e191baf2426a19507f1d0a17be0fdb7aa155cdf0f61d5a09c808e0a69464312
  category: main
  optional: false
- name: libffi
  version: 3.5.2
  manager: conda
  platform: linux-64
  dependencies:
    __glibc: '>=2.17,<3.0.a0'
    libgcc: '>=14'
  url: https://conda.anaconda.org/conda-forge/linux-64/libffi-3.5.2-h9ec8514_0.conda
  hash:
    md5: 35f29eec58405aaf55e01cb470d8c26a
    sha256: 25cbdfa65580cfab1b8d15ee90b4c9f1e0d72128f1661449c9a999d341377d54
  category: main
  optional: false
- name: libgcc
  version: 15.2.0
  manager: conda
  platform: linux-64
  dependencies:
    __glibc: '>=2.17,<3.0.a0'
    _openmp_mutex: '>=4.5'
  url: https://conda.anaconda.org/conda-forge/linux-64/libgcc-15.2.0-he0feb66_16.conda
  hash:
    md5: 6d0363467e6ed84f11435eb309f2ff06
    sha256: 6eed58051c2e12b804d53ceff5994a350c61baf117ec83f5f10c953a3f311451
  category: main
  optional: false
- name: libgcc-ng
  version: 15.2.0
  manager: conda
  platform: linux-64
  dependencies:
    libgcc: 15.2.0
  url: https://conda.anaconda.org/conda-forge/linux-64/libgcc-ng-15.2.0-h69a702a_16.conda
  hash:
    md5: 5a68259fac2da8f2ee6f7bfe49c9eb8b
    sha256: 5f07f9317f596a201cc6e095e5fc92621afca64829785e483738d935f8cab361
  category: main
  optional: false
- name: libgomp
  version: 15.2.0
  manager: conda
  platform: linux-64
  dependencies:
    __glibc: '>=2.17,<3.0.a0'
  url: https://conda.anaconda.org/conda-forge/linux-64/libgomp-15.2.0-he0feb66_16.conda
  hash:
    md5: 26c46f90d0e727e95c6c9498a33a09f3
    sha256: 5b3e5e4e9270ecfcd48f47e3a68f037f5ab0f529ccb223e8e5d5ac75a58fc687
  category: main
  optional: false
- name: liblzma
  version: 5.8.1
  manager: conda
  platform: linux-64
  dependencies:
    __glibc: '>=2.17,<3.0.a0'
    libgcc: '>=13'
  url: https://conda.anaconda.org/conda-forge/linux-64/liblzma-5.8.1-hb9d3cd8_2.conda
  hash:
    md5: 1a580f7796c7bf6393fddb8bbbde58dc
    sha256: f2591c0069447bbe28d4d696b7fcb0c5bd0b4ac582769b89addbcf26fb3430d8
  category: main
  optional: false
- name: liblzma-devel
  version: 5.8.1
  manager: conda
  platform: linux-64
  dependencies:
    __glibc: '>=2.17,<3.0.a0'
    libgcc: '>=13'
    liblzma: 5.8.1
  url: https://conda.anaconda.org/conda-forge/linux-64/liblzma-devel-5.8.1-hb9d3cd8_2.conda
  hash:
    md5: f61edadbb301530bd65a32646bd81552
    sha256: 329e66330a8f9cbb6a8d5995005478188eb4ba8a6b6391affa849744f4968492
  category: main
  optional: false
- name: libnsl
  version: 2.0.1
  manager: conda
  platform: linux-64
  dependencies:
    __glibc: '>=2.17,<3.0.a0'
    libgcc: '>=13'
  url: https://conda.anaconda.org/conda-forge/linux-64/libnsl-2.0.1-hb9d3cd8_1.conda
  hash:
    md5: d864d34357c3b65a4b731f78c0801dc4
    sha256: 927fe72b054277cde6cb82597d0fcf6baf127dcbce2e0a9d8925a68f1265eef5
  category: main
  optional: false
- name: libsqlite
  version: 3.51.1
  manager: conda
  platform: linux-64
  dependencies:
    __glibc: '>=2.17,<3.0.a0'
    libgcc: '>=14'
    libzlib: '>=1.3.1,<2.0a0'
  url: https://conda.anaconda.org/conda-forge/linux-64/libsqlite-3.51.1-h0c1763c_0.conda
  hash:
    md5: 2e1b84d273b01835256e53fd938de355
    sha256: 6f0e8a812e8e33a4d8b7a0e595efe28373080d27b78ee4828aa4f6649a088454
  category: main
  optional: false
- name: libstdcxx
  version: 15.2.0
  manager: conda
  platform: linux-64
  dependencies:
    __glibc: '>=2.17,<3.0.a0'
    libgcc: 15.2.0
  url: https://conda.anaconda.org/conda-forge/linux-64/libstdcxx-15.2.0-h934c35e_16.conda
  hash:
    md5: 68f68355000ec3f1d6f26ea13e8f525f
    sha256: 813427918316a00c904723f1dfc3da1bbc1974c5cfe1ed1e704c6f4e0798cbc6
  category: main
  optional: false
- name: libstdcxx-ng
  version: 15.2.0
  manager: conda
  platform: linux-64
  dependencies:
    libstdcxx: 15.2.0
  url: https://conda.anaconda.org/conda-forge/linux-64/libstdcxx-ng-15.2.0-hdf11a46_16.conda
  hash:
    md5: 1b3152694d236cf233b76b8c56bf0eae
    sha256: 81f2f246c7533b41c5e0c274172d607829019621c4a0823b5c0b4a8c7028ee84
  category: main
  optional: false
- name: libuuid
  version: 2.41.2
  manager: conda
  platform: linux-64
  dependencies:
    __glibc: '>=2.17,<3.0.a0'
    libgcc: '>=14'
  url: https://conda.anaconda.org/conda-forge/linux-64/libuuid-2.41.2-h5347b49_1.conda
  hash:
    md5: 41f5c09a211985c3ce642d60721e7c3e
    sha256: 030447cf827c471abd37092ab9714fde82b8222106f22fde94bc7a64e2704c40
  category: main
  optional: false
- name: libxcrypt
  version: 4.4.36
  manager: conda
  platform: linux-64
  dependencies:
    libgcc-ng: '>=12'
  url: https://conda.anaconda.org/conda-forge/linux-64/libxcrypt-4.4.36-hd590300_1.conda
  hash:
    md5: 5aa797f8787fe7a17d1b0821485b5adc
    sha256: 6ae68e0b86423ef188196fff6207ed0c8195dd84273cb5623b85aa08033a410c
  category: main
  optional: false
- name: libzlib
  version: 1.3.1
  manager: conda
  platform: linux-64
  dependencies:
    __glibc: '>=2.17,<3.0.a0'
    libgcc: '>=13'
  url: https://conda.anaconda.org/conda-forge/linux-64/libzlib-1.3.1-hb9d3cd8_2.conda
  hash:
    md5: edb0dca6bc32e4f4789199455a1dbeb8
    sha256: d4bfe88d7cb447768e31650f06257995601f89076080e76df55e3112d4e47dc4
  category: main
  optional: false
- name: ncurses
  version: '6.5'
  manager: conda
  platform: linux-64
  dependencies:
    __glibc: '>=2.17,<3.0.a0'
    libgcc: '>=13'
  url: https://conda.anaconda.org/conda-forge/linux-64/ncurses-6.5-h2d0b736_3.conda
  hash:
    md5: 47e340acb35de30501a76c7c799c41d7
    sha256: 3fde293232fa3fca98635e1167de6b7c7fda83caf24b9d6c91ec9eefb4f4d586
  category: main
  optional: false
- name: openssl
  version: 3.6.0
  manager: conda
  platform: linux-64
  dependencies:
    __glibc: '>=2.17,<3.0.a0'
    ca-certificates: ''
    libgcc: '>=14'
  url: https://conda.anaconda.org/conda-forge/linux-64/openssl-3.6.0-h26f9b46_0.conda
  hash:
    md5: 9ee58d5c534af06558933af3c845a780
    sha256: a47271202f4518a484956968335b2521409c8173e123ab381e775c358c67fe6d
  category: main
  optional: false
- name: pip
  version: 24.3.1
  manager: conda
  platform: linux-64
  dependencies:
    python: '>=3.8,<3.13.0a0'
    setuptools: ''
    wheel: ''
  url: https://conda.anaconda.org/conda-forge/noarch/pip-24.3.1-pyh8b19718_0.conda
  hash:
    md5: 5dd546fe99b44fda83963d15f84263b7
    sha256: 499313e72e20225f84c2e9690bbaf5b952c8d7e0bf34b728278538f766b81628
  category: main
  optional: false
- name: psutil
  version: 6.0.0
  manager: conda
  platform: linux-64
  dependencies:
    libgcc-ng: '>=12'
    python: '>=3.8,<3.9.0a0'
    python_abi: 3.8.*
  url: https://conda.anaconda.org/conda-forge/linux-64/psutil-6.0.0-py38hfb59056_0.conda
  hash:
    md5: 14d8661ec0011b79081f8429c716f46f
    sha256: d6d5f1ac1dc3bbddb50c093f89a425edae695754ad1ab1bc78bf720be11315ea
  category: main
  optional: false
- name: python
  version: 3.8.20
  manager: conda
  platform: linux-64
  dependencies:
    __glibc: '>=2.17,<3.0.a0'
    bzip2: '>=1.0.8,<2.0a0'
    ld_impl_linux-64: '>=2.36.1'
    libffi: '>=3.4,<4.0a0'
    libgcc: '>=13'
    libnsl: '>=2.0.1,<2.1.0a0'
    libsqlite: '>=3.46.1,<4.0a0'
    libuuid: '>=2.38.1,<3.0a0'
    libxcrypt: '>=4.4.36'
    libzlib: '>=1.3.1,<2.0a0'
    ncurses: '>=6.5,<7.0a0'
    openssl: '>=3.3.2,<4.0a0'
    readline: '>=8.2,<9.0a0'
    tk: '>=8.6.13,<8.7.0a0'
    xz: '>=5.2.6,<6.0a0'
  url: https://conda.anaconda.org/conda-forge/linux-64/python-3.8.20-h4a871b0_2_cpython.conda
  hash:
    md5: 05ffff2f44ad60b94ecb53d029c6bdf7
    sha256: 8043dcdb29e1e026d0def1056620d81b24c04f71fd98cc45888c58373b479845
  category: main
  optional: false
- name: python_abi
  version: '3.8'
  manager: conda
  platform: linux-64
  dependencies: {}
  url: https://conda.anaconda.org/conda-forge/noarch/python_abi-3.8-8_cp38.conda
  hash:
    md5: 4f7b6e3de4f15cc44e0f93b39f07205d
    sha256: 83c22066a672ce0b16e693c84aa6d5efb68e02eff037a55e047d7095d0fdb5ca
  category: main
  optional: false
- name: pyyaml
  version: 6.0.2
  manager: conda
  platform: linux-64
  dependencies:
    __glibc: '>=2.17,<3.0.a0'
    libgcc-ng: '>=12'
    python: '>=3.8,<3.9.0a0'
    python_abi: 3.8.*
    yaml: '>=0.2.5,<0.3.0a0'
  url: https://conda.anaconda.org/conda-forge/linux-64/pyyaml-6.0.2-py38h2019614_0.conda
  hash:
    md5: 47a3b59acbb1626316500e178e25b944
    sha256: d1ed7517fe3de38fe58b830294aa1129a5ced37db18cc8c8a558938f573e6af2
  category: main
  optional: false
- name: readline
  version: '8.2'
  manager: conda
  platform: linux-64
  dependencies:
    libgcc: '>=13'
    ncurses: '>=6.5,<7.0a0'
  url: https://conda.anaconda.org/conda-forge/linux-64/readline-8.2-h8c095d6_2.conda
  hash:
    md5: 283b96675859b20a825f8fa30f311446
    sha256: 2d6d0c026902561ed77cd646b5021aef2d4db22e57a5b0178dfc669231e06d2c
  category: main
  optional: false
- name: setuptools
  version: 75.3.0
  manager: conda
  platform: linux-64
  dependencies:
    python: '>=3.8'
  url: https://conda.anaconda.org/conda-forge/noarch/setuptools-75.3.0-pyhd8ed1ab_0.conda
  hash:
    md5: 2ce9825396daf72baabaade36cee16da
    sha256: a36d020b9f32fc3f1a6488a1c4a9c13988c6468faf6895bf30ca69521a61230e
  category: main
  optional: false
- name: tk
  version: 8.6.13
  manager: conda
  platform: linux-64
  dependencies:
    __glibc: '>=2.17,<3.0.a0'
    libgcc: '>=13'
    libzlib: '>=1.3.1,<2.0a0'
  url: https://conda.anaconda.org/conda-forge/linux-64/tk-8.6.13-noxft_ha0e22de_103.conda
  hash:
    md5: 86bc20552bf46075e3d92b67f089172d
    sha256: 1544760538a40bcd8ace2b1d8ebe3eb5807ac268641f8acdc18c69c5ebfeaf64
  category: main
  optional: false
- name: wheel
  version: 0.45.1
  manager: conda
  platform: linux-64
  dependencies:
    python: '>=3.8'
  url: https://conda.anaconda.org/conda-forge/noarch/wheel-0.45.1-pyhd8ed1ab_0.conda
  hash:
    md5: bdb2f437ce62fd2f1fef9119a37a12d9
    sha256: 24f6851a336a50c53d6b50b142c1654872494a62528d57c3ff40240cbd8b13be
  category: main
  optional: false
- name: xz
  version: 5.8.1
  manager: conda
  platform: linux-64
  dependencies:
    __glibc: '>=2.17,<3.0.a0'
    libgcc: '>=13'
    liblzma: 5.8.1
    liblzma-devel: 5.8.1
    xz-gpl-tools: 5.8.1
    xz-tools: 5.8.1
  url: https://conda.anaconda.org/conda-forge/linux-64/xz-5.8.1-hbcc6ac9_2.conda
  hash:
    md5: 68eae977d7d1196d32b636a026dc015d
    sha256: 802725371682ea06053971db5b4fb7fbbcaee9cb1804ec688f55e51d74660617
  category: main
  optional: false
- name: xz-gpl-tools
  version: 5.8.1
  manager: conda
  platform: linux-64
  dependencies:
    __glibc: '>=2.17,<3.0.a0'
    libgcc: '>=13'
    liblzma: 5.8.1
  url: https://conda.anaconda.org/conda-forge/linux-64/xz-gpl-tools-5.8.1-hbcc6ac9_2.conda
  hash:
    md5: bf627c16aa26231720af037a2709ab09
    sha256: 840838dca829ec53f1160f3fca6dbfc43f2388b85f15d3e867e69109b168b87b
  category: main
  optional: false
- name: xz-tools
  version: 5.8.1
  manager: conda
  platform: linux-64
  dependencies:
    __glibc: '>=2.17,<3.0.a0'
    libgcc: '>=13'
    liblzma: 5.8.1
  url: https://conda.anaconda.org/conda-forge/linux-64/xz-tools-5.8.1-hb9d3cd8_2.conda
  hash:
    md5: 1bad2995c8f1c8075c6c331bf96e46fb
    sha256: 58034f3fca491075c14e61568ad8b25de00cb3ae479de3e69be6d7ee5d3ace28
  category: main
  optional: false
- name: yaml
  version: 0.2.5
  manager: conda
  platform: linux-64
  dependencies:
    __glibc: '>=2.17,<3.0.a0'
    libgcc: '>=14'
  url: https://conda.anaconda.org/conda-forge/linux-64/yaml-0.2.5-h280c20c_3.conda
  hash:
    md5: a77f85f77be52ff59391544bfe73390a
    sha256: 6d9ea2f731e284e9316d95fa61869fe7bbba33df7929f82693c121022810f4ad
  category: main
  optional: false
- name: zstd
  version: 1.5.7
  manager: conda
  platform: linux-64
  dependencies:
    __glibc: '>=2.17,<3.0.a0'
    libzlib: '>=1.3.1,<2.0a0'
  url: https://conda.anaconda.org/conda-forge/linux-64/zstd-1.5.7-hb78ec9c_6.conda
  hash:
    md5: 4a13eeac0b5c8e5b8ab496e6c4ddd829
    sha256: 68f0206ca6e98fea941e5717cec780ed2873ffabc0e1ed34428c061e2c6268c7
  category: main
  optional: false
- name: absl-py
  version: 0.15.0
  manager: pip
  platform: linux-64
  dependencies:
    six: '*'
  url: https://files.pythonhosted.org/packages/97/75/f5e61fb67ecbe45c31035b17562464e11b91a2b8a351bae5ca0db2969e3b/absl_py-0.15.0-py3-none-any.whl
  hash:
    sha256: ea907384af023a7e681368bedb896159ab100c7db593efbbd5cde22af11270cd
  category: main
  optional: false
- name: astunparse
  version: 1.6.3
  manager: pip
  platform: linux-64
  dependencies:
    six: '>=1.6.1,<2.0'
    wheel: '>=0.23.0,<1.0'
  url: https://files.pythonhosted.org/packages/2b/03/13dde6512ad7b4557eb792fbcf0c653af6076b81e5941d36ec61f7ce6028/astunparse-1.6.3-py2.py3-none-any.whl
  hash:
    sha256: c2652417f2c8b5bb325c885ae329bdf3f86424075c4fd1a128674bc6fba4b8e8
  category: main
  optional: false
- name: cachetools
  version: 5.5.2
  manager: pip
  platform: linux-64
  dependencies: {}
  url: https://files.pythonhosted.org/packages/72/76/20fa66124dbe6be5cafeb312ece67de6b61dd91a0247d1ea13db4ebb33c2/cachetools-5.5.2-py3-none-any.whl
  hash:
    sha256: d26a22bcc62eb95c3beabd9f1ee5e820d3d2704fe2967cbe350e20c8ffcd3f0a
  category: main
  optional: false
- name: certifi
  version: 2025.11.12
  manager: pip
  platform: linux-64
  dependencies: {}
  url: https://files.pythonhosted.org/packages/70/7d/9bc192684cea499815ff478dfcdc13835ddf401365057044fb721ec6bddb/certifi-2025.11.12-py3-none-any.whl
  hash:
    sha256: 97de8790030bbd5c2d96b7ec782fc2f7820ef8dba6db909ccf95449f2d062d4b
  category: main
  optional: false
- name: charset-normalizer
  version: 3.4.4
  manager: pip
  platform: linux-64
  dependencies: {}
  url: https://files.pythonhosted.org/packages/bf/fa/cf5bb2409a385f78750e78c8d2e24780964976acdaaed65dbd6083ae5b40/charset_normalizer-3.4.4-cp38-cp38-manylinux2014_x86_64.manylinux_2_17_x86_64.manylinux_2_28_x86_64.whl
  hash:
    sha256: f155a433c2ec037d4e8df17d18922c3a0d9b3232a396690f17175d2946f0218d
  category: main
  optional: false
- name: clang
  version: '5.0'
  manager: pip
  platform: linux-64
  dependencies: {}
  url: https://files.pythonhosted.org/packages/32/12/e17c1220f8ca587add2e076ebb28b6c4551fcc730e3c69a5f49679ad28e9/clang-5.0.tar.gz
  hash:
    sha256: ceccae97eda0225a5b44d42ffd61102e248325c2865ca53e4407746464a5333a
  category: main
  optional: false
- name: cycler
  version: 0.12.1
  manager: pip
  platform: linux-64
  dependencies: {}
  url: https://files.pythonhosted.org/packages/e7/05/c19819d5e3d95294a6f5947fb9b9629efb316b96de511b418c53d245aae6/cycler-0.12.1-py3-none-any.whl
  hash:
    sha256: 85cef7cff222d8644161529808465972e51340599459b8ac3ccbac5a854e0d30
  category: main
  optional: false
- name: flatbuffers
  version: '1.12'
  manager: pip
  platform: linux-64
  dependencies: {}
  url: https://files.pythonhosted.org/packages/eb/26/712e578c5f14e26ae3314c39a1bdc4eb2ec2f4ddc89b708cf8e0a0d20423/flatbuffers-1.12-py2.py3-none-any.whl
  hash:
    sha256: 9e9ef47fa92625c4721036e7c4124182668dc6021d9e7c73704edd395648deb9
  category: main
  optional: false
- name: gast
  version: 0.4.0
  manager: pip
  platform: linux-64
  dependencies: {}
  url: https://files.pythonhosted.org/packages/b6/48/583c032b79ae5b3daa02225a675aeb673e58d2cb698e78510feceb11958c/gast-0.4.0-py3-none-any.whl
  hash:
    sha256: b7adcdd5adbebf1adf17378da5ba3f543684dbec47b1cda1f3997e573cd542c4
  category: main
  optional: false
- name: google-auth
  version: 2.43.0
  manager: pip
  platform: linux-64
  dependencies:
    cachetools: '>=2.0.0,<7.0'
    pyasn1-modules: '>=0.2.1'
    rsa: '>=3.1.4,<5'
  url: https://files.pythonhosted.org/packages/6f/d1/385110a9ae86d91cc14c5282c61fe9f4dc41c0b9f7d423c6ad77038c4448/google_auth-2.43.0-py2.py3-none-any.whl
  hash:
    sha256: af628ba6fa493f75c7e9dbe9373d148ca9f4399b5ea29976519e0a3848eddd16
  category: main
  optional: false
- name: google-auth-oauthlib
  version: 1.0.0
  manager: pip
  platform: linux-64
  dependencies:
    google-auth: '>=2.15.0'
    requests-oauthlib: '>=0.7.0'
  url: https://files.pythonhosted.org/packages/4a/07/8d9a8186e6768b55dfffeb57c719bc03770cf8a970a074616ae6f9e26a57/google_auth_oauthlib-1.0.0-py2.py3-none-any.whl
  hash:
    sha256: 95880ca704928c300f48194d1770cf5b1462835b6e49db61445a520f793fd5fb
  category: main
  optional: false
- name: google-pasta
  version: 0.2.0
  manager: pip
  platform: linux-64
  dependencies:
    six: '*'
  url: https://files.pythonhosted.org/packages/a3/de/c648ef6835192e6e2cc03f40b19eeda4382c49b5bafb43d88b931c4c74ac/google_pasta-0.2.0-py3-none-any.whl
  hash:
    sha256: b32482794a366b5366a32c92a9a9201b107821889935a02b3e51f6b432ea84ed
  category: main
  optional: false
- name: grpcio
  version: 1.70.0
  manager: pip
  platform: linux-64
  dependencies: {}
  url: https://files.pythonhosted.org/packages/2c/64/66a74c02b00e00b919c245ca9da8e5c44e8692bf3fe7f27efbc97572566c/grpcio-1.70.0-cp38-cp38-manylinux_2_17_x86_64.manylinux2014_x86_64.whl
  hash:
    sha256: 412faabcc787bbc826f51be261ae5fa996b21263de5368a55dc2cf824dc5090e
  category: main
  optional: false
- name: h5py
  version: 3.1.0
  manager: pip
  platform: linux-64
  dependencies:
    numpy: '>=1.17.5'
  url: https://files.pythonhosted.org/packages/67/b2/c20d2f11ca86132f70799da2fc213772676025f556e1f4404754d000600a/h5py-3.1.0-cp38-cp38-manylinux1_x86_64.whl
  hash:
    sha256: ba71f6229d2013fbb606476ecc29c6223fc16b244d35fcd8566ad9dbaf910857
  category: main
  optional: false
- name: idna
  version: '3.11'
  manager: pip
  platform: linux-64
  dependencies: {}
  url: https://files.pythonhosted.org/packages/0e/61/66938bbb5fc52dbdf84594873d5b51fb1f7c7794e9c0f5bd885f30bc507b/idna-3.11-py3-none-any.whl
  hash:
    sha256: 771a87f49d9defaf64091e6e6fe9c18d4833f140bd19464795bc32d966ca37ea
  category: main
  optional: false
- name: imc-denoise
  version: 0.0.0
  manager: pip
  platform: linux-64
  dependencies:
    keras: 2.6.0
    matplotlib: 3.3.4
    numpy: '*'
    protobuf: 3.20.3
    scikit-learn: 0.24.2
    scipy: 1.4.1
    tensorflow: 2.6.0
    tifffile: 2023.7.10
  url: git+https://github.com/couper-lab/IMC_Denoise_Updated@4ccf7f22921c6e1cde228392bdab6151375f1810
  hash:
    sha256: 4ccf7f22921c6e1cde228392bdab6151375f1810
  source:
    type: url
    url: git+https://github.com/couper-lab/IMC_Denoise_Updated@4ccf7f22921c6e1cde228392bdab6151375f1810
  category: main
  optional: false
- name: importlib-metadata
  version: 8.5.0
  manager: pip
  platform: linux-64
  dependencies:
    zipp: '>=3.20'
  url: https://files.pythonhosted.org/packages/a0/d9/a1e041c5e7caa9a05c925f4bdbdfb7f006d1f74996af53467bc394c97be7/importlib_metadata-8.5.0-py3-none-any.whl
  hash:
    sha256: 45e54197d28b7a7f1559e60b95e7c567032b602131fbd588f1497f47880aa68b
  category: main
  optional: false
- name: joblib
  version: 1.4.2
  manager: pip
  platform: linux-64
  dependencies: {}
  url: https://files.pythonhosted.org/packages/91/29/df4b9b42f2be0b623cbd5e2140cafcaa2bef0759a00b7b70104dcfe2fb51/joblib-1.4.2-py3-none-any.whl
  hash:
    sha256: 06d478d5674cbc267e7496a410ee875abd68e4340feff4490bcb7afb88060ae6
  category: main
  optional: false
- name: keras
  version: 2.6.0
  manager: pip
  platform: linux-64
  dependencies: {}
  url: https://files.pythonhosted.org/packages/5a/38/04d9b7fb53acdf861df2c4505fa96b06c779817a511e94b8882d284ba360/keras-2.6.0-py2.py3-none-any.whl
  hash:
    sha256: 504af5656a9829fe803ce48a8580ef16916e89906aceddad9e098614269437e7
  category: main
  optional: false
- name: keras-preprocessing
  version: 1.1.2
  manager: pip
  platform: linux-64
  dependencies:
    numpy: '>=1.9.1'
    six: '>=1.9.0'
  url: https://files.pythonhosted.org/packages/79/4c/7c3275a01e12ef9368a892926ab932b33bb13d55794881e3573482b378a7/Keras_Preprocessing-1.1.2-py2.py3-none-any.whl
  hash:
    sha256: 7b82029b130ff61cc99b55f3bd27427df4838576838c5b2f65940e4fcec99a7b
  category: main
  optional: false
- name: kiwisolver
  version: 1.4.7
  manager: pip
  platform: linux-64
  dependencies: {}
  url: https://files.pythonhosted.org/packages/76/36/ae40d7a3171e06f55ac77fe5536079e7be1d8be2a8210e08975c7f9b4d54/kiwisolver-1.4.7-cp38-cp38-manylinux_2_5_x86_64.manylinux1_x86_64.whl
  hash:
    sha256: a0f64a48bb81af7450e641e3fe0b0394d7381e342805479178b3d335d60ca7cf
  category: main
  optional: false
- name: markdown
  version: '3.7'
  manager: pip
  platform: linux-64
  dependencies:
    importlib-metadata: '>=4.4'
  url: https://files.pythonhosted.org/packages/3f/08/83871f3c50fc983b88547c196d11cf8c3340e37c32d2e9d6152abe2c61f7/Markdown-3.7-py3-none-any.whl
  hash:
    sha256: 7eb6df5690b81a1d7942992c97fad2938e956e79df20cbc6186e9c3a77b1c803
  category: main
  optional: false
- name: markupsafe
  version: 2.1.5
  manager: pip
  platform: linux-64
  dependencies: {}
  url: https://files.pythonhosted.org/packages/c7/bd/50319665ce81bb10e90d1cf76f9e1aa269ea6f7fa30ab4521f14d122a3df/MarkupSafe-2.1.5-cp38-cp38-manylinux_2_17_x86_64.manylinux2014_x86_64.whl
  hash:
    sha256: fa9db3f79de01457b03d4f01b34cf91bc0048eb2c3846ff26f66687c2f6d16ab
  category: main
  optional: false
- name: matplotlib
  version: 3.3.4
  manager: pip
  platform: linux-64
  dependencies:
    cycler: '>=0.10'
    kiwisolver: '>=1.0.1'
    numpy: '>=1.15'
    pillow: '>=6.2.0'
    pyparsing: '>=2.0.3,<2.0.4 || >2.0.4,<2.1.2 || >2.1.2,<2.1.6 || >2.1.6'
    python-dateutil: '>=2.1'
  url: https://files.pythonhosted.org/packages/ab/20/60cfe5d611ac86df07b7b1f9b9582f22f7eda5edbe2124ba85bdf3133822/matplotlib-3.3.4-cp38-cp38-manylinux1_x86_64.whl
  hash:
    sha256: 3d2eb9c1cc254d0ffa90bc96fde4b6005d09c2228f99dfd493a4219c1af99644
  category: main
  optional: false
- name: numpy
  version: 1.19.5
  manager: pip
  platform: linux-64
  dependencies: {}
  url: https://files.pythonhosted.org/packages/66/d7/3b133b17e185f14137bc8afe7a41daf1f31556900f10238312a5ae9c7345/numpy-1.19.5-cp38-cp38-manylinux2010_x86_64.whl
  hash:
    sha256: a9d17f2be3b427fbb2bce61e596cf555d6f8a56c222bd2ca148baeeb5e5c783c
  category: main
  optional: false
- name: oauthlib
  version: 3.3.1
  manager: pip
  platform: linux-64
  dependencies: {}
  url: https://files.pythonhosted.org/packages/be/9c/92789c596b8df838baa98fa71844d84283302f7604ed565dafe5a6b5041a/oauthlib-3.3.1-py3-none-any.whl
  hash:
    sha256: 88119c938d2b8fb88561af5f6ee0eec8cc8d552b7bb1f712743136eb7523b7a1
  category: main
  optional: false
- name: opt-einsum
  version: 3.3.0
  manager: pip
  platform: linux-64
  dependencies:
    numpy: '>=1.7'
  url: https://files.pythonhosted.org/packages/bc/19/404708a7e54ad2798907210462fd950c3442ea51acc8790f3da48d2bee8b/opt_einsum-3.3.0-py3-none-any.whl
  hash:
    sha256: 2455e59e3947d3c275477df7f5205b30635e266fe6dc300e3d9f9646bfcea147
  category: main
  optional: false
- name: pillow
  version: 10.4.0
  manager: pip
  platform: linux-64
  dependencies: {}
  url: https://files.pythonhosted.org/packages/fb/ad/435fe29865f98a8fbdc64add8875a6e4f8c97749a93577a8919ec6f32c64/pillow-10.4.0-cp38-cp38-manylinux_2_28_x86_64.whl
  hash:
    sha256: 950be4d8ba92aca4b2bb0741285a46bfae3ca699ef913ec8416c1b78eadd64cd
  category: main
  optional: false
- name: protobuf
  version: 3.20.3
  manager: pip
  platform: linux-64
  dependencies: {}
  url: https://files.pythonhosted.org/packages/da/e4/4d62585593e9f962cb02614534f62f930de6a80a0a3784282094a01919b2/protobuf-3.20.3-cp38-cp38-manylinux_2_5_x86_64.manylinux1_x86_64.whl
  hash:
    sha256: 44246bab5dd4b7fbd3c0c80b6f16686808fab0e4aca819ade6e8d294a29c7050
  category: main
  optional: false
- name: pyasn1
  version: 0.6.1
  manager: pip
  platform: linux-64
  dependencies: {}
  url: https://files.pythonhosted.org/packages/c8/f1/d6a797abb14f6283c0ddff96bbdd46937f64122b8c925cab503dd37f8214/pyasn1-0.6.1-py3-none-any.whl
  hash:
    sha256: 0d632f46f2ba09143da3a8afe9e33fb6f92fa2320ab7e886e2d0f7672af84629
  category: main
  optional: false
- name: pyasn1-modules
  version: 0.4.2
  manager: pip
  platform: linux-64
  dependencies:
    pyasn1: '>=0.6.1,<0.7.0'
  url: https://files.pythonhosted.org/packages/47/8d/d529b5d697919ba8c11ad626e835d4039be708a35b0d22de83a269a6682c/pyasn1_modules-0.4.2-py3-none-any.whl
  hash:
    sha256: 29253a9207ce32b64c3ac6600edc75368f98473906e8fd1043bd6b5b1de2c14a
  category: main
  optional: false
- name: pyparsing
  version: 3.1.4
  manager: pip
  platform: linux-64
  dependencies: {}
  url: https://files.pythonhosted.org/packages/e5/0c/0e3c05b1c87bb6a1c76d281b0f35e78d2d80ac91b5f8f524cebf77f51049/pyparsing-3.1.4-py3-none-any.whl
  hash:
    sha256: a6a7ee4235a3f944aa1fa2249307708f893fe5717dc603503c6c7969c070fb7c
  category: main
  optional: false
- name: python-dateutil
  version: 2.9.0.post0
  manager: pip
  platform: linux-64
  dependencies:
    six: '>=1.5'
  url: https://files.pythonhosted.org/packages/ec/57/56b9bcc3c9c6a792fcbaf139543cee77261f3651ca9da0c93f5c1221264b/python_dateutil-2.9.0.post0-py2.py3-none-any.whl
  hash:
    sha256: a8b2bc7bffae282281c8140a97d3aa9c14da0b136dfe83f850eea9a5f7470427
  category: main
  optional: false
- name: requests
  version: 2.32.4
  manager: pip
  platform: linux-64
  dependencies:
    certifi: '>=2017.4.17'
    charset-normalizer: '>=2,<4'
    idna: '>=2.5,<4'
    urllib3: '>=1.21.1,<3'
  url: https://files.pythonhosted.org/packages/7c/e4/56027c4a6b4ae70ca9de302488c5ca95ad4a39e190093d6c1a8ace08341b/requests-2.32.4-py3-none-any.whl
  hash:
    sha256: 27babd3cda2a6d50b30443204ee89830707d396671944c998b5975b031ac2b2c
  category: main
  optional: false
- name: requests-oauthlib
  version: 2.0.0
  manager: pip
  platform: linux-64
  dependencies:
    oauthlib: '>=3.0.0'
    requests: '>=2.0.0'
  url: https://files.pythonhosted.org/packages/3b/5d/63d4ae3b9daea098d5d6f5da83984853c1bbacd5dc826764b249fe119d24/requests_oauthlib-2.0.0-py2.py3-none-any.whl
  hash:
    sha256: 7dd8a5c40426b779b0868c404bdef9768deccf22749cde15852df527e6269b36
  category: main
  optional: false
- name: rsa
  version: 4.9.1
  manager: pip
  platform: linux-64
  dependencies:
    pyasn1: '>=0.1.3'
  url: https://files.pythonhosted.org/packages/64/8d/0133e4eb4beed9e425d9a98ed6e081a55d195481b7632472be1af08d2f6b/rsa-4.9.1-py3-none-any.whl
  hash:
    sha256: 68635866661c6836b8d39430f97a996acbd61bfa49406748ea243539fe239762
  category: main
  optional: false
- name: scikit-learn
  version: 0.24.2
  manager: pip
  platform: linux-64
  dependencies:
    joblib: '>=0.11'
    numpy: '>=1.13.3'
    scipy: '>=0.19.1'
    threadpoolctl: '>=2.0.0'
  url: https://files.pythonhosted.org/packages/36/dd/06b6f0ad7b86c3edc3a02d255f3fcc98e444a847cea10b3a0182251ca7b6/scikit_learn-0.24.2-cp38-cp38-manylinux2010_x86_64.whl
  hash:
    sha256: 62214d2954377fcf3f31ec867dd4e436df80121e7a32947a0b3244f58f45e455
  category: main
  optional: false
- name: scipy
  version: 1.4.1
  manager: pip
  platform: linux-64
  dependencies:
    numpy: '>=1.13.3'
  url: https://files.pythonhosted.org/packages/f3/08/8bdcdcd149ea41b655956feb7c19ebf7e1f561738bd5570b6ae015daf411/scipy-1.4.1-cp38-cp38-manylinux1_x86_64.whl
  hash:
    sha256: 1e3190466d669d658233e8a583b854f6386dd62d655539b77b3fa25bfb2abb70
  category: main
  optional: false
- name: six
  version: 1.15.0
  manager: pip
  platform: linux-64
  dependencies: {}
  url: https://files.pythonhosted.org/packages/ee/ff/48bde5c0f013094d729fe4b0316ba2a24774b3ff1c52d924a8a4cb04078a/six-1.15.0-py2.py3-none-any.whl
  hash:
    sha256: 8b74bedcbbbaca38ff6d7491d76f2b06b3592611af620f8426e82dddb04a5ced
  category: main
  optional: false
- name: tensorboard
  version: 2.14.0
  manager: pip
  platform: linux-64
  dependencies:
    absl-py: '>=0.4'
    google-auth: '>=1.6.3,<3'
    google-auth-oauthlib: '>=0.5,<1.1'
    grpcio: '>=1.48.2'
    markdown: '>=2.6.8'
    numpy: '>=1.12.0'
    protobuf: '>=3.19.6'
    requests: '>=2.21.0,<3'
    setuptools: '>=41.0.0'
    tensorboard-data-server: '>=0.7.0,<0.8.0'
    werkzeug: '>=1.0.1'
    wheel: '>=0.26'
  url: https://files.pythonhosted.org/packages/bc/a2/ff5f4c299eb37c95299a76015da3f30211468e29d8d6f1d011683279baee/tensorboard-2.14.0-py3-none-any.whl
  hash:
    sha256: 3667f9745d99280836ad673022362c840f60ed8fefd5a3e30bf071f5a8fd0017
  category: main
  optional: false
- name: tensorboard-data-server
  version: 0.7.2
  manager: pip
  platform: linux-64
  dependencies: {}
  url: https://files.pythonhosted.org/packages/7a/13/e503968fefabd4c6b2650af21e110aa8466fe21432cd7c43a84577a89438/tensorboard_data_server-0.7.2-py3-none-any.whl
  hash:
    sha256: 7e0610d205889588983836ec05dc098e80f97b7e7bbff7e994ebb78f578d0ddb
  category: main
  optional: false
- name: tensorflow
  version: 2.6.0
  manager: pip
  platform: linux-64
  dependencies:
    absl-py: '>=0.10,<1.0'
    astunparse: '>=1.6.3,<1.7.0'
    clang: '>=5.0,<6.0'
    flatbuffers: '>=1.12.0,<1.13.0'
    gast: 0.4.0
    google-pasta: '>=0.2,<1.0'
    grpcio: '>=1.37.0,<2.0'
    h5py: '>=3.1.0,<3.2.0'
    keras: '>=2.6,<3.0'
    keras-preprocessing: '>=1.1.2,<1.2.0'
    numpy: '>=1.19.2,<1.20.0'
    opt-einsum: '>=3.3.0,<3.4.0'
    protobuf: '>=3.9.2'
    six: '>=1.15.0,<1.16.0'
    tensorboard: '>=2.6,<3.0'
    tensorflow-estimator: '>=2.6,<3.0'
    termcolor: '>=1.1.0,<1.2.0'
    typing-extensions: '>=3.7.4,<3.8.0'
    wheel: '>=0.35,<1.0'
    wrapt: '>=1.12.1,<1.13.0'
  url: https://files.pythonhosted.org/packages/33/46/117203250021aa4047ec94b07993bf8b3bfa916effbbe03c859a9227d7a7/tensorflow-2.6.0-cp38-cp38-manylinux2010_x86_64.whl
  hash:
    sha256: 2c9b8c6adc060acfcf805a2ea501db0124b679d95b522fd5983a4c110e8e0264
  category: main
  optional: false
- name: tensorflow-estimator
  version: 2.15.0
  manager: pip
  platform: linux-64
  dependencies: {}
  url: https://files.pythonhosted.org/packages/b6/c8/2f823c8958d5342eafc6dd3e922f0cc4fcf8c2e0460284cc462dae3b60a0/tensorflow_estimator-2.15.0-py2.py3-none-any.whl
  hash:
    sha256: aedf21eec7fb2dc91150fc91a1ce12bc44dbb72278a08b58e79ff87c9e28f153
  category: main
  optional: false
- name: termcolor
  version: 1.1.0
  manager: pip
  platform: linux-64
  dependencies: {}
  url: https://files.pythonhosted.org/packages/8a/48/a76be51647d0eb9f10e2a4511bf3ffb8cc1e6b14e9e4fab46173aa79f981/termcolor-1.1.0.tar.gz
  hash:
    sha256: 1d6d69ce66211143803fbc56652b41d73b4a400a2891d7bf7a1cdf4c02de613b
  category: main
  optional: false
- name: threadpoolctl
  version: 3.5.0
  manager: pip
  platform: linux-64
  dependencies: {}
  url: https://files.pythonhosted.org/packages/4b/2c/ffbf7a134b9ab11a67b0cf0726453cedd9c5043a4fe7a35d1cefa9a1bcfb/threadpoolctl-3.5.0-py3-none-any.whl
  hash:
    sha256: 56c1e26c150397e58c4926da8eeee87533b1e32bef131bd4bf6a2f45f3185467
  category: main
  optional: false
- name: tifffile
  version: 2023.7.10
  manager: pip
  platform: linux-64
  dependencies:
    numpy: '*'
  url: https://files.pythonhosted.org/packages/06/a3/68d17088a4f09565bc7341fd20490da8191ec4cddde479daaabbe07bb603/tifffile-2023.7.10-py3-none-any.whl
  hash:
    sha256: 94dfdec321ace96abbfe872a66cfd824800c099a2db558443453eebc2c11b304
  category: main
  optional: false
- name: typing-extensions
  version: 3.7.4.3
  manager: pip
  platform: linux-64
  dependencies: {}
  url: https://files.pythonhosted.org/packages/60/7a/e881b5abb54db0e6e671ab088d079c57ce54e8a01a3ca443f561ccadb37e/typing_extensions-3.7.4.3-py3-none-any.whl
  hash:
    sha256: 7cb407020f00f7bfc3cb3e7881628838e69d8f3fcab2f64742a5e76b2f841918
  category: main
  optional: false
- name: urllib3
  version: 2.2.3
  manager: pip
  platform: linux-64
  dependencies: {}
  url: https://files.pythonhosted.org/packages/ce/d9/5f4c13cecde62396b0d3fe530a50ccea91e7dfc1ccf0e09c228841bb5ba8/urllib3-2.2.3-py3-none-any.whl
  hash:
    sha256: ca899ca043dcb1bafa3e262d73aa25c465bfb49e0bd9dd5d59f1d0acba2f8fac
  category: main
  optional: false
- name: werkzeug
  version: 3.0.6
  manager: pip
  platform: linux-64
  dependencies:
    markupsafe: '>=2.1.1'
  url: https://files.pythonhosted.org/packages/6c/69/05837f91dfe42109203ffa3e488214ff86a6d68b2ed6c167da6cdc42349b/werkzeug-3.0.6-py3-none-any.whl
  hash:
    sha256: 1bc0c2310d2fbb07b1dd1105eba2f7af72f322e1e455f2f93c993bee8c8a5f17
  category: main
  optional: false
- name: wrapt
  version: 1.12.1
  manager: pip
  platform: linux-64
  dependencies: {}
  url: https://files.pythonhosted.org/packages/82/f7/e43cefbe88c5fd371f4cf0cf5eb3feccd07515af9fd6cf7dbf1d1793a797/wrapt-1.12.1.tar.gz
  hash:
    sha256: b62ffa81fb85f4332a4f609cab4ac40709470da05643a082ec1eb88e6d9b97d7
  category: main
  optional: false
- name: zipp
  version: 3.20.2
  manager: pip
  platform: linux-64
  dependencies: {}
  url: https://files.pythonhosted.org/packages/62/8b/5ba542fa83c90e09eac972fc9baca7a88e7e7ca4b221a89251954019308b/zipp-3.20.2-py3-none-any.whl
  hash:
    sha256: a817ac80d6cf4b23bf7f2828b7cabf326f15a001bea8b1f9b49631780ba28350
  category: main
  optional: false
