# This lock file was generated by conda-lock (https://github.com/conda/conda-lock). DO NOT EDIT!
#
# A "lock file" contains a concrete list of package versions (with checksums) to be installed. Unlike
# e.g. `conda env create`, the resulting environment will not change as new package versions become
# available, unless you explicitly update the lock file.
#
# Install this environment as "YOURENV" with:
#     conda-lock install -n YOURENV conda-lock.yml
# To update a single package to the latest version compatible with the version constraints in the source:
#     conda-lock lock  --lockfile conda-lock.yml --update PACKAGE
# To re-solve the entire environment, e.g. after changing a version constraint in the source file:
#     conda-lock -f imc_cellposesam.yml --lockfile conda-lock.yml
version: 1
metadata:
  content_hash:
    linux-64: 1f9c385810f151c05cd93f8cdb27b506b397362e71b08c910ca6bec80c5fbe2a
  channels:
  - url: conda-forge
    used_env_vars: []
  - url: defaults
    used_env_vars: []
  platforms:
  - linux-64
  sources:
  - imc_cellposesam.yml
package:
- name: _libgcc_mutex
  version: '0.1'
  manager: conda
  platform: linux-64
  dependencies: {}
  url: https://conda.anaconda.org/conda-forge/linux-64/_libgcc_mutex-0.1-conda_forge.tar.bz2
  hash:
    md5: d7c89558ba9fa0495403155b64376d81
    sha256: fe51de6107f9edc7aa4f786a70f4a883943bc9d39b3bb7307c04c41410990726
  category: main
  optional: false
- name: _openmp_mutex
  version: '4.5'
  manager: conda
  platform: linux-64
  dependencies:
    _libgcc_mutex: '0.1'
    libgomp: '>=7.5.0'
  url: https://conda.anaconda.org/conda-forge/linux-64/_openmp_mutex-4.5-2_gnu.tar.bz2
  hash:
    md5: 73aaf86a425cc6e73fcf236a5a46396d
    sha256: fbe2c5e56a653bebb982eda4876a9178aedfc2b545f25d0ce9c4c0b508253d22
  category: main
  optional: false
- name: brotli
  version: 1.2.0
  manager: conda
  platform: linux-64
  dependencies:
    __glibc: '>=2.17,<3.0.a0'
    brotli-bin: 1.2.0
    libbrotlidec: 1.2.0
    libbrotlienc: 1.2.0
    libgcc: '>=14'
  url: https://conda.anaconda.org/conda-forge/linux-64/brotli-1.2.0-hed03a55_1.conda
  hash:
    md5: 8ccf913aaba749a5496c17629d859ed1
    sha256: e511644d691f05eb12ebe1e971fd6dc3ae55a4df5c253b4e1788b789bdf2dfa6
  category: main
  optional: false
- name: brotli-bin
  version: 1.2.0
  manager: conda
  platform: linux-64
  dependencies:
    __glibc: '>=2.17,<3.0.a0'
    libbrotlidec: 1.2.0
    libbrotlienc: 1.2.0
    libgcc: '>=14'
  url: https://conda.anaconda.org/conda-forge/linux-64/brotli-bin-1.2.0-hb03c661_1.conda
  hash:
    md5: af39b9a8711d4a8d437b52c1d78eb6a1
    sha256: 64b137f30b83b1dd61db6c946ae7511657eead59fdf74e84ef0ded219605aa94
  category: main
  optional: false
- name: bzip2
  version: 1.0.8
  manager: conda
  platform: linux-64
  dependencies:
    __glibc: '>=2.17,<3.0.a0'
    libgcc: '>=14'
  url: https://conda.anaconda.org/conda-forge/linux-64/bzip2-1.0.8-hda65f42_8.conda
  hash:
    md5: 51a19bba1b8ebfb60df25cde030b7ebc
    sha256: c30daba32ddebbb7ded490f0e371eae90f51e72db620554089103b4a6934b0d5
  category: main
  optional: false
- name: ca-certificates
  version: 2025.11.12
  manager: conda
  platform: linux-64
  dependencies:
    __unix: ''
  url: https://conda.anaconda.org/conda-forge/noarch/ca-certificates-2025.11.12-hbd8a1cb_0.conda
  hash:
    md5: f0991f0f84902f6b6009b4d2350a83aa
    sha256: b986ba796d42c9d3265602bc038f6f5264095702dd546c14bc684e60c385e773
  category: main
  optional: false
- name: colorama
  version: 0.4.6
  manager: conda
  platform: linux-64
  dependencies:
    python: '>=3.9'
  url: https://conda.anaconda.org/conda-forge/noarch/colorama-0.4.6-pyhd8ed1ab_1.conda
  hash:
    md5: 962b9857ee8e7018c22f2776ffa0b2d7
    sha256: ab29d57dc70786c1269633ba3dff20288b81664d3ff8d21af995742e2bb03287
  category: main
  optional: false
- name: contourpy
  version: 1.3.2
  manager: conda
  platform: linux-64
  dependencies:
    __glibc: '>=2.17,<3.0.a0'
    libgcc: '>=13'
    libstdcxx: '>=13'
    numpy: '>=1.23'
    python: '>=3.10,<3.11.0a0'
    python_abi: 3.10.*
  url: https://conda.anaconda.org/conda-forge/linux-64/contourpy-1.3.2-py310h3788b33_0.conda
  hash:
    md5: b6420d29123c7c823de168f49ccdfe6a
    sha256: 5231c1b68e01a9bc9debabc077a6fb48c4395206d59f40a4598d1d5e353e11d8
  category: main
  optional: false
- name: cycler
  version: 0.12.1
  manager: conda
  platform: linux-64
  dependencies:
    python: ''
  url: https://conda.anaconda.org/conda-forge/noarch/cycler-0.12.1-pyhcf101f3_2.conda
  hash:
    md5: 4c2a8fef270f6c69591889b93f9f55c1
    sha256: bb47aec5338695ff8efbddbc669064a3b10fe34ad881fb8ad5d64fbfa6910ed1
  category: main
  optional: false
- name: fonttools
  version: 4.61.0
  manager: conda
  platform: linux-64
  dependencies:
    __glibc: '>=2.17,<3.0.a0'
    brotli: ''
    libgcc: '>=14'
    munkres: ''
    python: '>=3.10,<3.11.0a0'
    python_abi: 3.10.*
    unicodedata2: '>=15.1.0'
  url: https://conda.anaconda.org/conda-forge/linux-64/fonttools-4.61.0-py310h3406613_0.conda
  hash:
    md5: 4b2ad208fec1e850ba82a0a17534d3d5
    sha256: 1fc50e66d35d1b033be6960724a7ffda7aba553040eb16eb35f98227efa20a8a
  category: main
  optional: false
- name: freetype
  version: 2.14.1
  manager: conda
  platform: linux-64
  dependencies:
    libfreetype: 2.14.1
    libfreetype6: 2.14.1
  url: https://conda.anaconda.org/conda-forge/linux-64/freetype-2.14.1-ha770c72_0.conda
  hash:
    md5: 4afc585cd97ba8a23809406cd8a9eda8
    sha256: bf8e4dffe46f7d25dc06f31038cacb01672c47b9f45201f065b0f4d00ab0a83e
  category: main
  optional: false
- name: imageio
  version: 2.37.0
  manager: conda
  platform: linux-64
  dependencies:
    numpy: ''
    pillow: '>=8.3.2'
    python: '>=3.9'
  url: https://conda.anaconda.org/conda-forge/noarch/imageio-2.37.0-pyhfb79c49_0.conda
  hash:
    md5: b5577bc2212219566578fd5af9993af6
    sha256: 8ef69fa00c68fad34a3b7b260ea774fda9bd9274fd706d3baffb9519fd0063fe
  category: main
  optional: false
- name: importlib-metadata
  version: 8.7.0
  manager: conda
  platform: linux-64
  dependencies:
    python: ''
    zipp: '>=3.20'
  url: https://conda.anaconda.org/conda-forge/noarch/importlib-metadata-8.7.0-pyhe01879c_1.conda
  hash:
    md5: 63ccfdc3a3ce25b027b8767eb722fca8
    sha256: c18ab120a0613ada4391b15981d86ff777b5690ca461ea7e9e49531e8f374745
  category: main
  optional: false
- name: kiwisolver
  version: 1.4.9
  manager: conda
  platform: linux-64
  dependencies:
    __glibc: '>=2.17,<3.0.a0'
    libgcc: '>=14'
    libstdcxx: '>=14'
    python: ''
    python_abi: 3.10.*
  url: https://conda.anaconda.org/conda-forge/linux-64/kiwisolver-1.4.9-py310haaf941d_2.conda
  hash:
    md5: 7426d76535fc6347f1b74f85fb17d6eb
    sha256: 5ef8337c7a89719427d25b0cdc776b34116fe988efc9bf56f5a2831d74b1584e
  category: main
  optional: false
- name: lazy-loader
  version: '0.4'
  manager: conda
  platform: linux-64
  dependencies:
    importlib-metadata: ''
    packaging: ''
    python: '>=3.9'
  url: https://conda.anaconda.org/conda-forge/noarch/lazy-loader-0.4-pyhd8ed1ab_2.conda
  hash:
    md5: d10d9393680734a8febc4b362a4c94f2
    sha256: d7ea986507090fff801604867ef8e79c8fda8ec21314ba27c032ab18df9c3411
  category: main
  optional: false
- name: lcms2
  version: '2.17'
  manager: conda
  platform: linux-64
  dependencies:
    __glibc: '>=2.17,<3.0.a0'
    libgcc: '>=13'
    libjpeg-turbo: '>=3.0.0,<4.0a0'
    libtiff: '>=4.7.0,<4.8.0a0'
  url: https://conda.anaconda.org/conda-forge/linux-64/lcms2-2.17-h717163a_0.conda
  hash:
    md5: 000e85703f0fd9594c81710dd5066471
    sha256: d6a61830a354da022eae93fa896d0991385a875c6bba53c82263a289deda9db8
  category: main
  optional: false
- name: ld_impl_linux-64
  version: '2.45'
  manager: conda
  platform: linux-64
  dependencies:
    __glibc: '>=2.17,<3.0.a0'
    zstd: '>=1.5.7,<1.6.0a0'
  url: https://conda.anaconda.org/conda-forge/linux-64/ld_impl_linux-64-2.45-default_hbd61a6d_104.conda
  hash:
    md5: a6abd2796fc332536735f68ba23f7901
    sha256: 9e191baf2426a19507f1d0a17be0fdb7aa155cdf0f61d5a09c808e0a69464312
  category: main
  optional: false
- name: lerc
  version: 4.0.0
  manager: conda
  platform: linux-64
  dependencies:
    __glibc: '>=2.17,<3.0.a0'
    libgcc: '>=13'
    libstdcxx: '>=13'
  url: https://conda.anaconda.org/conda-forge/linux-64/lerc-4.0.0-h0aef613_1.conda
  hash:
    md5: 9344155d33912347b37f0ae6c410a835
    sha256: 412381a43d5ff9bbed82cd52a0bbca5b90623f62e41007c9c42d3870c60945ff
  category: main
  optional: false
- name: libblas
  version: 3.11.0
  manager: conda
  platform: linux-64
  dependencies:
    libopenblas: '>=0.3.30,<1.0a0'
  url: https://conda.anaconda.org/conda-forge/linux-64/libblas-3.11.0-4_h4a7cf45_openblas.conda
  hash:
    md5: 14ff9fdfbd8bd590fca383b995470711
    sha256: f35fee1eb3fe1a80b2c8473f145a830cf6f98c3b15b232b256b93d44bd9c93b3
  category: main
  optional: false
- name: libbrotlicommon
  version: 1.2.0
  manager: conda
  platform: linux-64
  dependencies:
    __glibc: '>=2.17,<3.0.a0'
    libgcc: '>=14'
  url: https://conda.anaconda.org/conda-forge/linux-64/libbrotlicommon-1.2.0-hb03c661_1.conda
  hash:
    md5: 72c8fd1af66bd67bf580645b426513ed
    sha256: 318f36bd49ca8ad85e6478bd8506c88d82454cc008c1ac1c6bf00a3c42fa610e
  category: main
  optional: false
- name: libbrotlidec
  version: 1.2.0
  manager: conda
  platform: linux-64
  dependencies:
    __glibc: '>=2.17,<3.0.a0'
    libbrotlicommon: 1.2.0
    libgcc: '>=14'
  url: https://conda.anaconda.org/conda-forge/linux-64/libbrotlidec-1.2.0-hb03c661_1.conda
  hash:
    md5: 366b40a69f0ad6072561c1d09301c886
    sha256: 12fff21d38f98bc446d82baa890e01fd82e3b750378fedc720ff93522ffb752b
  category: main
  optional: false
- name: libbrotlienc
  version: 1.2.0
  manager: conda
  platform: linux-64
  dependencies:
    __glibc: '>=2.17,<3.0.a0'
    libbrotlicommon: 1.2.0
    libgcc: '>=14'
  url: https://conda.anaconda.org/conda-forge/linux-64/libbrotlienc-1.2.0-hb03c661_1.conda
  hash:
    md5: 4ffbb341c8b616aa2494b6afb26a0c5f
    sha256: a0c15c79997820bbd3fbc8ecf146f4fe0eca36cc60b62b63ac6cf78857f1dd0d
  category: main
  optional: false
- name: libcblas
  version: 3.11.0
  manager: conda
  platform: linux-64
  dependencies:
    libblas: 3.11.0
  url: https://conda.anaconda.org/conda-forge/linux-64/libcblas-3.11.0-4_h0358290_openblas.conda
  hash:
    md5: 25f5e5af61cee1ffedd9b4c9947d3af8
    sha256: 7abc88e2fdccddab27d2a889b9c9063df84a05766cc24828c9b5ca879f25c92c
  category: main
  optional: false
- name: libdeflate
  version: '1.25'
  manager: conda
  platform: linux-64
  dependencies:
    __glibc: '>=2.17,<3.0.a0'
    libgcc: '>=14'
  url: https://conda.anaconda.org/conda-forge/linux-64/libdeflate-1.25-h17f619e_0.conda
  hash:
    md5: 6c77a605a7a689d17d4819c0f8ac9a00
    sha256: aa8e8c4be9a2e81610ddf574e05b64ee131fab5e0e3693210c9d6d2fba32c680
  category: main
  optional: false
- name: libexpat
  version: 2.7.3
  manager: conda
  platform: linux-64
  dependencies:
    __glibc: '>=2.17,<3.0.a0'
    libgcc: '>=14'
  url: https://conda.anaconda.org/conda-forge/linux-64/libexpat-2.7.3-hecca717_0.conda
  hash:
    md5: 8b09ae86839581147ef2e5c5e229d164
    sha256: 1e1b08f6211629cbc2efe7a5bca5953f8f6b3cae0eeb04ca4dacee1bd4e2db2f
  category: main
  optional: false
- name: libffi
  version: 3.5.2
  manager: conda
  platform: linux-64
  dependencies:
    __glibc: '>=2.17,<3.0.a0'
    libgcc: '>=14'
  url: https://conda.anaconda.org/conda-forge/linux-64/libffi-3.5.2-h9ec8514_0.conda
  hash:
    md5: 35f29eec58405aaf55e01cb470d8c26a
    sha256: 25cbdfa65580cfab1b8d15ee90b4c9f1e0d72128f1661449c9a999d341377d54
  category: main
  optional: false
- name: libfreetype
  version: 2.14.1
  manager: conda
  platform: linux-64
  dependencies:
    libfreetype6: '>=2.14.1'
  url: https://conda.anaconda.org/conda-forge/linux-64/libfreetype-2.14.1-ha770c72_0.conda
  hash:
    md5: f4084e4e6577797150f9b04a4560ceb0
    sha256: 4641d37faeb97cf8a121efafd6afd040904d4bca8c46798122f417c31d5dfbec
  category: main
  optional: false
- name: libfreetype6
  version: 2.14.1
  manager: conda
  platform: linux-64
  dependencies:
    __glibc: '>=2.17,<3.0.a0'
    libgcc: '>=14'
    libpng: '>=1.6.50,<1.7.0a0'
    libzlib: '>=1.3.1,<2.0a0'
  url: https://conda.anaconda.org/conda-forge/linux-64/libfreetype6-2.14.1-h73754d4_0.conda
  hash:
    md5: 8e7251989bca326a28f4a5ffbd74557a
    sha256: 4a7af818a3179fafb6c91111752954e29d3a2a950259c14a2fc7ba40a8b03652
  category: main
  optional: false
- name: libgcc
  version: 15.2.0
  manager: conda
  platform: linux-64
  dependencies:
    __glibc: '>=2.17,<3.0.a0'
    _openmp_mutex: '>=4.5'
  url: https://conda.anaconda.org/conda-forge/linux-64/libgcc-15.2.0-he0feb66_16.conda
  hash:
    md5: 6d0363467e6ed84f11435eb309f2ff06
    sha256: 6eed58051c2e12b804d53ceff5994a350c61baf117ec83f5f10c953a3f311451
  category: main
  optional: false
- name: libgcc-ng
  version: 15.2.0
  manager: conda
  platform: linux-64
  dependencies:
    libgcc: 15.2.0
  url: https://conda.anaconda.org/conda-forge/linux-64/libgcc-ng-15.2.0-h69a702a_16.conda
  hash:
    md5: 5a68259fac2da8f2ee6f7bfe49c9eb8b
    sha256: 5f07f9317f596a201cc6e095e5fc92621afca64829785e483738d935f8cab361
  category: main
  optional: false
- name: libgfortran
  version: 15.2.0
  manager: conda
  platform: linux-64
  dependencies:
    libgfortran5: 15.2.0
  url: https://conda.anaconda.org/conda-forge/linux-64/libgfortran-15.2.0-h69a702a_16.conda
  hash:
    md5: 40d9b534410403c821ff64f00d0adc22
    sha256: 8a7b01e1ee1c462ad243524d76099e7174ebdd94ff045fe3e9b1e58db196463b
  category: main
  optional: false
- name: libgfortran5
  version: 15.2.0
  manager: conda
  platform: linux-64
  dependencies:
    __glibc: '>=2.17,<3.0.a0'
    libgcc: '>=15.2.0'
  url: https://conda.anaconda.org/conda-forge/linux-64/libgfortran5-15.2.0-h68bc16d_16.conda
  hash:
    md5: 39183d4e0c05609fd65f130633194e37
    sha256: d0e974ebc937c67ae37f07a28edace978e01dc0f44ee02f29ab8a16004b8148b
  category: main
  optional: false
- name: libgomp
  version: 15.2.0
  manager: conda
  platform: linux-64
  dependencies:
    __glibc: '>=2.17,<3.0.a0'
  url: https://conda.anaconda.org/conda-forge/linux-64/libgomp-15.2.0-he0feb66_16.conda
  hash:
    md5: 26c46f90d0e727e95c6c9498a33a09f3
    sha256: 5b3e5e4e9270ecfcd48f47e3a68f037f5ab0f529ccb223e8e5d5ac75a58fc687
  category: main
  optional: false
- name: libjpeg-turbo
  version: 3.1.2
  manager: conda
  platform: linux-64
  dependencies:
    __glibc: '>=2.17,<3.0.a0'
    libgcc: '>=14'
  url: https://conda.anaconda.org/conda-forge/linux-64/libjpeg-turbo-3.1.2-hb03c661_0.conda
  hash:
    md5: 8397539e3a0bbd1695584fb4f927485a
    sha256: cc9aba923eea0af8e30e0f94f2ad7156e2984d80d1e8e7fe6be5a1f257f0eb32
  category: main
  optional: false
- name: liblapack
  version: 3.11.0
  manager: conda
  platform: linux-64
  dependencies:
    libblas: 3.11.0
  url: https://conda.anaconda.org/conda-forge/linux-64/liblapack-3.11.0-4_h47877c9_openblas.conda
  hash:
    md5: 8ba8431802764597f400ee3e99026367
    sha256: 5a6ed95bf093d709c8ba8373890773b912767eafdd2e8e4ad0fa6413d13ae3c9
  category: main
  optional: false
- name: liblzma
  version: 5.8.1
  manager: conda
  platform: linux-64
  dependencies:
    __glibc: '>=2.17,<3.0.a0'
    libgcc: '>=13'
  url: https://conda.anaconda.org/conda-forge/linux-64/liblzma-5.8.1-hb9d3cd8_2.conda
  hash:
    md5: 1a580f7796c7bf6393fddb8bbbde58dc
    sha256: f2591c0069447bbe28d4d696b7fcb0c5bd0b4ac582769b89addbcf26fb3430d8
  category: main
  optional: false
- name: libnsl
  version: 2.0.1
  manager: conda
  platform: linux-64
  dependencies:
    __glibc: '>=2.17,<3.0.a0'
    libgcc: '>=13'
  url: https://conda.anaconda.org/conda-forge/linux-64/libnsl-2.0.1-hb9d3cd8_1.conda
  hash:
    md5: d864d34357c3b65a4b731f78c0801dc4
    sha256: 927fe72b054277cde6cb82597d0fcf6baf127dcbce2e0a9d8925a68f1265eef5
  category: main
  optional: false
- name: libopenblas
  version: 0.3.30
  manager: conda
  platform: linux-64
  dependencies:
    __glibc: '>=2.17,<3.0.a0'
    libgcc: '>=14'
    libgfortran: ''
    libgfortran5: '>=14.3.0'
  url: https://conda.anaconda.org/conda-forge/linux-64/libopenblas-0.3.30-pthreads_h94d23a6_4.conda
  hash:
    md5: be43915efc66345cccb3c310b6ed0374
    sha256: 199d79c237afb0d4780ccd2fbf829cea80743df60df4705202558675e07dd2c5
  category: main
  optional: false
- name: libpng
  version: 1.6.53
  manager: conda
  platform: linux-64
  dependencies:
    __glibc: '>=2.17,<3.0.a0'
    libgcc: '>=14'
    libzlib: '>=1.3.1,<2.0a0'
  url: https://conda.anaconda.org/conda-forge/linux-64/libpng-1.6.53-h421ea60_0.conda
  hash:
    md5: 00d4e66b1f746cb14944cad23fffb405
    sha256: 8acdeb9a7e3d2630176ba8e947caf6bf4985a5148dec69b801e5eb797856688b
  category: main
  optional: false
- name: libsqlite
  version: 3.51.1
  manager: conda
  platform: linux-64
  dependencies:
    __glibc: '>=2.17,<3.0.a0'
    libgcc: '>=14'
    libzlib: '>=1.3.1,<2.0a0'
  url: https://conda.anaconda.org/conda-forge/linux-64/libsqlite-3.51.1-h0c1763c_0.conda
  hash:
    md5: 2e1b84d273b01835256e53fd938de355
    sha256: 6f0e8a812e8e33a4d8b7a0e595efe28373080d27b78ee4828aa4f6649a088454
  category: main
  optional: false
- name: libstdcxx
  version: 15.2.0
  manager: conda
  platform: linux-64
  dependencies:
    __glibc: '>=2.17,<3.0.a0'
    libgcc: 15.2.0
  url: https://conda.anaconda.org/conda-forge/linux-64/libstdcxx-15.2.0-h934c35e_16.conda
  hash:
    md5: 68f68355000ec3f1d6f26ea13e8f525f
    sha256: 813427918316a00c904723f1dfc3da1bbc1974c5cfe1ed1e704c6f4e0798cbc6
  category: main
  optional: false
- name: libstdcxx-ng
  version: 15.2.0
  manager: conda
  platform: linux-64
  dependencies:
    libstdcxx: 15.2.0
  url: https://conda.anaconda.org/conda-forge/linux-64/libstdcxx-ng-15.2.0-hdf11a46_16.conda
  hash:
    md5: 1b3152694d236cf233b76b8c56bf0eae
    sha256: 81f2f246c7533b41c5e0c274172d607829019621c4a0823b5c0b4a8c7028ee84
  category: main
  optional: false
- name: libtiff
  version: 4.7.1
  manager: conda
  platform: linux-64
  dependencies:
    __glibc: '>=2.17,<3.0.a0'
    lerc: '>=4.0.0,<5.0a0'
    libdeflate: '>=1.25,<1.26.0a0'
    libgcc: '>=14'
    libjpeg-turbo: '>=3.1.0,<4.0a0'
    liblzma: '>=5.8.1,<6.0a0'
    libstdcxx: '>=14'
    libwebp-base: '>=1.6.0,<2.0a0'
    libzlib: '>=1.3.1,<2.0a0'
    zstd: '>=1.5.7,<1.6.0a0'
  url: https://conda.anaconda.org/conda-forge/linux-64/libtiff-4.7.1-h9d88235_1.conda
  hash:
    md5: cd5a90476766d53e901500df9215e927
    sha256: e5f8c38625aa6d567809733ae04bb71c161a42e44a9fa8227abe61fa5c60ebe0
  category: main
  optional: false
- name: libuuid
  version: 2.41.2
  manager: conda
  platform: linux-64
  dependencies:
    __glibc: '>=2.17,<3.0.a0'
    libgcc: '>=14'
  url: https://conda.anaconda.org/conda-forge/linux-64/libuuid-2.41.2-h5347b49_1.conda
  hash:
    md5: 41f5c09a211985c3ce642d60721e7c3e
    sha256: 030447cf827c471abd37092ab9714fde82b8222106f22fde94bc7a64e2704c40
  category: main
  optional: false
- name: libwebp-base
  version: 1.6.0
  manager: conda
  platform: linux-64
  dependencies:
    __glibc: '>=2.17,<3.0.a0'
    libgcc: '>=14'
  url: https://conda.anaconda.org/conda-forge/linux-64/libwebp-base-1.6.0-hd42ef1d_0.conda
  hash:
    md5: aea31d2e5b1091feca96fcfe945c3cf9
    sha256: 3aed21ab28eddffdaf7f804f49be7a7d701e8f0e46c856d801270b470820a37b
  category: main
  optional: false
- name: libxcb
  version: 1.17.0
  manager: conda
  platform: linux-64
  dependencies:
    __glibc: '>=2.17,<3.0.a0'
    libgcc: '>=13'
    pthread-stubs: ''
    xorg-libxau: '>=1.0.11,<2.0a0'
    xorg-libxdmcp: ''
  url: https://conda.anaconda.org/conda-forge/linux-64/libxcb-1.17.0-h8a09558_0.conda
  hash:
    md5: 92ed62436b625154323d40d5f2f11dd7
    sha256: 666c0c431b23c6cec6e492840b176dde533d48b7e6fb8883f5071223433776aa
  category: main
  optional: false
- name: libxcrypt
  version: 4.4.36
  manager: conda
  platform: linux-64
  dependencies:
    libgcc-ng: '>=12'
  url: https://conda.anaconda.org/conda-forge/linux-64/libxcrypt-4.4.36-hd590300_1.conda
  hash:
    md5: 5aa797f8787fe7a17d1b0821485b5adc
    sha256: 6ae68e0b86423ef188196fff6207ed0c8195dd84273cb5623b85aa08033a410c
  category: main
  optional: false
- name: libzlib
  version: 1.3.1
  manager: conda
  platform: linux-64
  dependencies:
    __glibc: '>=2.17,<3.0.a0'
    libgcc: '>=13'
  url: https://conda.anaconda.org/conda-forge/linux-64/libzlib-1.3.1-hb9d3cd8_2.conda
  hash:
    md5: edb0dca6bc32e4f4789199455a1dbeb8
    sha256: d4bfe88d7cb447768e31650f06257995601f89076080e76df55e3112d4e47dc4
  category: main
  optional: false
- name: matplotlib-base
  version: 3.10.8
  manager: conda
  platform: linux-64
  dependencies:
    __glibc: '>=2.17,<3.0.a0'
    contourpy: '>=1.0.1'
    cycler: '>=0.10'
    fonttools: '>=4.22.0'
    freetype: ''
    kiwisolver: '>=1.3.1'
    libfreetype: '>=2.14.1'
    libfreetype6: '>=2.14.1'
    libgcc: '>=14'
    libstdcxx: '>=14'
    numpy: '>=1.23'
    packaging: '>=20.0'
    pillow: '>=8'
    pyparsing: '>=2.3.1'
    python: '>=3.10,<3.11.0a0'
    python-dateutil: '>=2.7'
    python_abi: 3.10.*
    qhull: '>=2020.2,<2020.3.0a0'
    tk: '>=8.6.13,<8.7.0a0'
  url: https://conda.anaconda.org/conda-forge/linux-64/matplotlib-base-3.10.8-py310hfde16b3_0.conda
  hash:
    md5: 093b60a14d2c0d8c10f17e14a73a60d3
    sha256: 809eaf93eb1901764c9b75803794c0359dd09366f578a13fdbbbe99824920d2c
  category: main
  optional: false
- name: munkres
  version: 1.1.4
  manager: conda
  platform: linux-64
  dependencies:
    python: '>=3.9'
  url: https://conda.anaconda.org/conda-forge/noarch/munkres-1.1.4-pyhd8ed1ab_1.conda
  hash:
    md5: 37293a85a0f4f77bbd9cf7aaefc62609
    sha256: d09c47c2cf456de5c09fa66d2c3c5035aa1fa228a1983a433c47b876aa16ce90
  category: main
  optional: false
- name: ncurses
  version: '6.5'
  manager: conda
  platform: linux-64
  dependencies:
    __glibc: '>=2.17,<3.0.a0'
    libgcc: '>=13'
  url: https://conda.anaconda.org/conda-forge/linux-64/ncurses-6.5-h2d0b736_3.conda
  hash:
    md5: 47e340acb35de30501a76c7c799c41d7
    sha256: 3fde293232fa3fca98635e1167de6b7c7fda83caf24b9d6c91ec9eefb4f4d586
  category: main
  optional: false
- name: networkx
  version: 3.4.2
  manager: conda
  platform: linux-64
  dependencies:
    python: ''
  url: https://conda.anaconda.org/conda-forge/noarch/networkx-3.4.2-pyh267e887_2.conda
  hash:
    md5: fd40bf7f7f4bc4b647dc8512053d9873
    sha256: 39625cd0c9747fa5c46a9a90683b8997d8b9649881b3dc88336b13b7bdd60117
  category: main
  optional: false
- name: numpy
  version: 2.2.6
  manager: conda
  platform: linux-64
  dependencies:
    __glibc: '>=2.17,<3.0.a0'
    libblas: '>=3.9.0,<4.0a0'
    libcblas: '>=3.9.0,<4.0a0'
    libgcc: '>=13'
    liblapack: '>=3.9.0,<4.0a0'
    libstdcxx: '>=13'
    python: '>=3.10,<3.11.0a0'
    python_abi: 3.10.*
  url: https://conda.anaconda.org/conda-forge/linux-64/numpy-2.2.6-py310hefbff90_0.conda
  hash:
    md5: b0cea2c364bf65cd19e023040eeab05d
    sha256: 0ba94a61f91d67413e60fa8daa85627a8f299b5054b0eff8f93d26da83ec755e
  category: main
  optional: false
- name: openjpeg
  version: 2.5.4
  manager: conda
  platform: linux-64
  dependencies:
    __glibc: '>=2.17,<3.0.a0'
    libgcc: '>=14'
    libpng: '>=1.6.50,<1.7.0a0'
    libstdcxx: '>=14'
    libtiff: '>=4.7.1,<4.8.0a0'
    libzlib: '>=1.3.1,<2.0a0'
  url: https://conda.anaconda.org/conda-forge/linux-64/openjpeg-2.5.4-h55fea9a_0.conda
  hash:
    md5: 11b3379b191f63139e29c0d19dee24cd
    sha256: 3900f9f2dbbf4129cf3ad6acf4e4b6f7101390b53843591c53b00f034343bc4d
  category: main
  optional: false
- name: openssl
  version: 3.6.0
  manager: conda
  platform: linux-64
  dependencies:
    __glibc: '>=2.17,<3.0.a0'
    ca-certificates: ''
    libgcc: '>=14'
  url: https://conda.anaconda.org/conda-forge/linux-64/openssl-3.6.0-h26f9b46_0.conda
  hash:
    md5: 9ee58d5c534af06558933af3c845a780
    sha256: a47271202f4518a484956968335b2521409c8173e123ab381e775c358c67fe6d
  category: main
  optional: false
- name: packaging
  version: '25.0'
  manager: conda
  platform: linux-64
  dependencies:
    python: ''
  url: https://conda.anaconda.org/conda-forge/noarch/packaging-25.0-pyh29332c3_1.conda
  hash:
    md5: 58335b26c38bf4a20f399384c33cbcf9
    sha256: 289861ed0c13a15d7bbb408796af4de72c2fe67e2bcb0de98f4c3fce259d7991
  category: main
  optional: false
- name: pandas
  version: 2.3.3
  manager: conda
  platform: linux-64
  dependencies:
    __glibc: '>=2.17,<3.0.a0'
    libgcc: '>=14'
    libstdcxx: '>=14'
    numpy: '>=1.22.4'
    python: '>=3.10,<3.11.0a0'
    python-dateutil: '>=2.8.2'
    python-tzdata: '>=2022.7'
    python_abi: 3.10.*
    pytz: '>=2020.1'
  url: https://conda.anaconda.org/conda-forge/linux-64/pandas-2.3.3-py310h0158d43_2.conda
  hash:
    md5: 0610ed073acc4737d036125a5a6dbae2
    sha256: b9e88fa02fd5e99f54c168df622eda9ddf898cc15e631179963aca51d97244bf
  category: main
  optional: false
- name: patsy
  version: 1.0.2
  manager: conda
  platform: linux-64
  dependencies:
    numpy: '>=1.4.0'
    python: ''
  url: https://conda.anaconda.org/conda-forge/noarch/patsy-1.0.2-pyhcf101f3_0.conda
  hash:
    md5: 8678577a52161cc4e1c93fcc18e8a646
    sha256: 9678f4745e6b82b36fab9657a19665081862268cb079cf9acf878ab2c4fadee9
  category: main
  optional: false
- name: pillow
  version: 12.0.0
  manager: conda
  platform: linux-64
  dependencies:
    __glibc: '>=2.17,<3.0.a0'
    lcms2: '>=2.17,<3.0a0'
    libfreetype: '>=2.14.1'
    libfreetype6: '>=2.14.1'
    libgcc: '>=14'
    libjpeg-turbo: '>=3.1.2,<4.0a0'
    libtiff: '>=4.7.1,<4.8.0a0'
    libwebp-base: '>=1.6.0,<2.0a0'
    libxcb: '>=1.17.0,<2.0a0'
    openjpeg: '>=2.5.4,<3.0a0'
    python: ''
    python_abi: 3.10.*
    tk: '>=8.6.13,<8.7.0a0'
    zlib-ng: '>=2.3.1,<2.4.0a0'
  url: https://conda.anaconda.org/conda-forge/linux-64/pillow-12.0.0-py310h5a73078_2.conda
  hash:
    md5: b258053ab882158e39c6f8aff00b4c37
    sha256: 6ae85e4bb1d73ae048c19c9288510543460e403540266de62f06dee61f76c480
  category: main
  optional: false
- name: pip
  version: '25.3'
  manager: conda
  platform: linux-64
  dependencies:
    python: '>=3.10,<3.13.0a0'
    setuptools: ''
    wheel: ''
  url: https://conda.anaconda.org/conda-forge/noarch/pip-25.3-pyh8b19718_0.conda
  hash:
    md5: c55515ca43c6444d2572e0f0d93cb6b9
    sha256: b67692da1c0084516ac1c9ada4d55eaf3c5891b54980f30f3f444541c2706f1e
  category: main
  optional: false
- name: pthread-stubs
  version: '0.4'
  manager: conda
  platform: linux-64
  dependencies:
    __glibc: '>=2.17,<3.0.a0'
    libgcc: '>=13'
  url: https://conda.anaconda.org/conda-forge/linux-64/pthread-stubs-0.4-hb9d3cd8_1002.conda
  hash:
    md5: b3c17d95b5a10c6e64a21fa17573e70e
    sha256: 9c88f8c64590e9567c6c80823f0328e58d3b1efb0e1c539c0315ceca764e0973
  category: main
  optional: false
- name: pyparsing
  version: 3.2.5
  manager: conda
  platform: linux-64
  dependencies:
    python: ''
  url: https://conda.anaconda.org/conda-forge/noarch/pyparsing-3.2.5-pyhcf101f3_0.conda
  hash:
    md5: 6c8979be6d7a17692793114fa26916e8
    sha256: 6814b61b94e95ffc45ec539a6424d8447895fef75b0fec7e1be31f5beee883fb
  category: main
  optional: false
- name: python
  version: 3.10.19
  manager: conda
  platform: linux-64
  dependencies:
    __glibc: '>=2.17,<3.0.a0'
    bzip2: '>=1.0.8,<2.0a0'
    ld_impl_linux-64: '>=2.36.1'
    libexpat: '>=2.7.1,<3.0a0'
    libffi: '>=3.4,<4.0a0'
    libgcc: '>=14'
    liblzma: '>=5.8.1,<6.0a0'
    libnsl: '>=2.0.1,<2.1.0a0'
    libsqlite: '>=3.50.4,<4.0a0'
    libuuid: '>=2.41.2,<3.0a0'
    libxcrypt: '>=4.4.36'
    libzlib: '>=1.3.1,<2.0a0'
    ncurses: '>=6.5,<7.0a0'
    openssl: '>=3.5.4,<4.0a0'
    readline: '>=8.2,<9.0a0'
    tk: '>=8.6.13,<8.7.0a0'
    tzdata: ''
  url: https://conda.anaconda.org/conda-forge/linux-64/python-3.10.19-h3c07f61_2_cpython.conda
  hash:
    md5: 27ac896a8b4970f8977503a9e70dc745
    sha256: 6e3b6b69b3cacfc7610155d58407a003820eaacd50fbe039abff52b5e70b1e9b
  category: main
  optional: false
- name: python-dateutil
  version: 2.9.0.post0
  manager: conda
  platform: linux-64
  dependencies:
    python: ''
    six: '>=1.5'
  url: https://conda.anaconda.org/conda-forge/noarch/python-dateutil-2.9.0.post0-pyhe01879c_2.conda
  hash:
    md5: 5b8d21249ff20967101ffa321cab24e8
    sha256: d6a17ece93bbd5139e02d2bd7dbfa80bee1a4261dced63f65f679121686bf664
  category: main
  optional: false
- name: python-tzdata
  version: '2025.2'
  manager: conda
  platform: linux-64
  dependencies:
    python: '>=3.9'
  url: https://conda.anaconda.org/conda-forge/noarch/python-tzdata-2025.2-pyhd8ed1ab_0.conda
  hash:
    md5: 88476ae6ebd24f39261e0854ac244f33
    sha256: e8392a8044d56ad017c08fec2b0eb10ae3d1235ac967d0aab8bd7b41c4a5eaf0
  category: main
  optional: false
- name: python_abi
  version: '3.10'
  manager: conda
  platform: linux-64
  dependencies: {}
  url: https://conda.anaconda.org/conda-forge/noarch/python_abi-3.10-8_cp310.conda
  hash:
    md5: 05e00f3b21e88bb3d658ac700b2ce58c
    sha256: 7ad76fa396e4bde336872350124c0819032a9e8a0a40590744ff9527b54351c1
  category: main
  optional: false
- name: pytz
  version: '2025.2'
  manager: conda
  platform: linux-64
  dependencies:
    python: '>=3.9'
  url: https://conda.anaconda.org/conda-forge/noarch/pytz-2025.2-pyhd8ed1ab_0.conda
  hash:
    md5: bc8e3267d44011051f2eb14d22fb0960
    sha256: 8d2a8bf110cc1fc3df6904091dead158ba3e614d8402a83e51ed3a8aa93cdeb0
  category: main
  optional: false
- name: pywavelets
  version: 1.8.0
  manager: conda
  platform: linux-64
  dependencies:
    __glibc: '>=2.17,<3.0.a0'
    libgcc: '>=13'
    numpy: '>=1.23,<3'
    python: '>=3.10,<3.11.0a0'
    python_abi: 3.10.*
  url: https://conda.anaconda.org/conda-forge/linux-64/pywavelets-1.8.0-py310hf462985_0.conda
  hash:
    md5: 4c441eff2be2e65bd67765c5642051c5
    sha256: f23e0b5432c6d338876eca664deeb360949062ce026ddb65bcb1f31643452354
  category: main
  optional: false
- name: pyyaml
  version: 6.0.3
  manager: conda
  platform: linux-64
  dependencies:
    __glibc: '>=2.17,<3.0.a0'
    libgcc: '>=14'
    python: '>=3.10,<3.11.0a0'
    python_abi: 3.10.*
    yaml: '>=0.2.5,<0.3.0a0'
  url: https://conda.anaconda.org/conda-forge/linux-64/pyyaml-6.0.3-py310h3406613_0.conda
  hash:
    md5: bc058b3b89fcb525bb4977832aa52014
    sha256: 9b5c6ff9111ac035f18d5e625bcaa6c076e2e64a6f3c8e3f83f5fe2b03bda78d
  category: main
  optional: false
- name: qhull
  version: '2020.2'
  manager: conda
  platform: linux-64
  dependencies:
    __glibc: '>=2.17,<3.0.a0'
    libgcc-ng: '>=12'
    libstdcxx-ng: '>=12'
  url: https://conda.anaconda.org/conda-forge/linux-64/qhull-2020.2-h434a139_5.conda
  hash:
    md5: 353823361b1d27eb3960efb076dfcaf6
    sha256: 776363493bad83308ba30bcb88c2552632581b143e8ee25b1982c8c743e73abc
  category: main
  optional: false
- name: readline
  version: '8.2'
  manager: conda
  platform: linux-64
  dependencies:
    libgcc: '>=13'
    ncurses: '>=6.5,<7.0a0'
  url: https://conda.anaconda.org/conda-forge/linux-64/readline-8.2-h8c095d6_2.conda
  hash:
    md5: 283b96675859b20a825f8fa30f311446
    sha256: 2d6d0c026902561ed77cd646b5021aef2d4db22e57a5b0178dfc669231e06d2c
  category: main
  optional: false
- name: scikit-image
  version: 0.25.2
  manager: conda
  platform: linux-64
  dependencies:
    __glibc: '>=2.17,<3.0.a0'
    imageio: '>=2.33,!=2.35.0'
    lazy-loader: '>=0.4'
    libgcc: '>=14'
    libstdcxx: '>=14'
    networkx: '>=3.0'
    numpy: '>=1.24'
    packaging: '>=21'
    pillow: '>=10.1'
    python: '>=3.10,<3.11.0a0'
    python_abi: 3.10.*
    pywavelets: '>=1.6'
    scipy: '>=1.11.4'
    tifffile: '>=2022.8.12'
  url: https://conda.anaconda.org/conda-forge/linux-64/scikit-image-0.25.2-py310h0158d43_2.conda
  hash:
    md5: e8e3404c2d4135193013fbbe9bba60a5
    sha256: 34593b03ba5de16ce231a6485caa295fbdca251a8cb3585ec5db1ffe9df6b063
  category: main
  optional: false
- name: scipy
  version: 1.15.2
  manager: conda
  platform: linux-64
  dependencies:
    __glibc: '>=2.17,<3.0.a0'
    libblas: '>=3.9.0,<4.0a0'
    libcblas: '>=3.9.0,<4.0a0'
    libgcc: '>=13'
    libgfortran: ''
    libgfortran5: '>=13.3.0'
    liblapack: '>=3.9.0,<4.0a0'
    libstdcxx: '>=13'
    numpy: '>=1.23.5'
    python: '>=3.10,<3.11.0a0'
    python_abi: 3.10.*
  url: https://conda.anaconda.org/conda-forge/linux-64/scipy-1.15.2-py310h1d65ade_0.conda
  hash:
    md5: 8c29cd33b64b2eb78597fa28b5595c8d
    sha256: 4cb98641f870666d365594013701d5691205a0fe81ac3ba7778a23b1cc2caa8e
  category: main
  optional: false
- name: seaborn
  version: 0.13.2
  manager: conda
  platform: linux-64
  dependencies:
    seaborn-base: 0.13.2
    statsmodels: '>=0.12'
  url: https://conda.anaconda.org/conda-forge/noarch/seaborn-0.13.2-hd8ed1ab_3.conda
  hash:
    md5: 62afb877ca2c2b4b6f9ecb37320085b6
    sha256: ea29a69b14dd6be5cdeeaa551bf50d78cafeaf0351e271e358f9b820fcab4cb0
  category: main
  optional: false
- name: seaborn-base
  version: 0.13.2
  manager: conda
  platform: linux-64
  dependencies:
    matplotlib-base: '>=3.4,!=3.6.1'
    numpy: '>=1.20,!=1.24.0'
    pandas: '>=1.2'
    python: '>=3.9'
    scipy: '>=1.7'
  url: https://conda.anaconda.org/conda-forge/noarch/seaborn-base-0.13.2-pyhd8ed1ab_3.conda
  hash:
    md5: fd96da444e81f9e6fcaac38590f3dd42
    sha256: f209c9c18187570b85ec06283c72d64b8738f825b1b82178f194f4866877f8aa
  category: main
  optional: false
- name: setuptools
  version: 80.9.0
  manager: conda
  platform: linux-64
  dependencies:
    python: '>=3.9'
  url: https://conda.anaconda.org/conda-forge/noarch/setuptools-80.9.0-pyhff2d567_0.conda
  hash:
    md5: 4de79c071274a53dcaf2a8c749d1499e
    sha256: 972560fcf9657058e3e1f97186cc94389144b46dbdf58c807ce62e83f977e863
  category: main
  optional: false
- name: six
  version: 1.17.0
  manager: conda
  platform: linux-64
  dependencies:
    python: ''
  url: https://conda.anaconda.org/conda-forge/noarch/six-1.17.0-pyhe01879c_1.conda
  hash:
    md5: 3339e3b65d58accf4ca4fb8748ab16b3
    sha256: 458227f759d5e3fcec5d9b7acce54e10c9e1f4f4b7ec978f3bfd54ce4ee9853d
  category: main
  optional: false
- name: statsmodels
  version: 0.14.6
  manager: conda
  platform: linux-64
  dependencies:
    __glibc: '>=2.17,<3.0.a0'
    libgcc: '>=14'
    numpy: '>=1.21,<3'
    packaging: '>=21.3'
    pandas: '!=2.1.0,>=1.4'
    patsy: '>=0.5.6'
    python: '>=3.10,<3.11.0a0'
    python_abi: 3.10.*
    scipy: '!=1.9.2,>=1.8'
  url: https://conda.anaconda.org/conda-forge/linux-64/statsmodels-0.14.6-py310hf779ad0_0.conda
  hash:
    md5: cf3a8f8254f0aecb41d09fb2e33763be
    sha256: 4b19821b85c0fee4c995c50277fdb6d61ce97d989abe455ac74bdc6c4f796a46
  category: main
  optional: false
- name: tifffile
  version: 2025.2.18
  manager: conda
  platform: linux-64
  dependencies:
    numpy: ''
    python: '>=3.10,<3.11.0a0'
  url: https://repo.anaconda.com/pkgs/main/linux-64/tifffile-2025.2.18-py310h06a4308_0.conda
  hash:
    md5: b2aa0af3124420296983ef92811a893c
    sha256: 1bfc54f00ec82d56afd858f986d5275567c0f2349fdc45cf0e0c9dde382d8661
  category: main
  optional: false
- name: tk
  version: 8.6.13
  manager: conda
  platform: linux-64
  dependencies:
    __glibc: '>=2.17,<3.0.a0'
    libgcc: '>=13'
    libzlib: '>=1.3.1,<2.0a0'
  url: https://conda.anaconda.org/conda-forge/linux-64/tk-8.6.13-noxft_ha0e22de_103.conda
  hash:
    md5: 86bc20552bf46075e3d92b67f089172d
    sha256: 1544760538a40bcd8ace2b1d8ebe3eb5807ac268641f8acdc18c69c5ebfeaf64
  category: main
  optional: false
- name: tqdm
  version: 4.67.1
  manager: conda
  platform: linux-64
  dependencies:
    colorama: ''
    python: '>=3.9'
  url: https://conda.anaconda.org/conda-forge/noarch/tqdm-4.67.1-pyhd8ed1ab_1.conda
  hash:
    md5: 9efbfdc37242619130ea42b1cc4ed861
    sha256: 11e2c85468ae9902d24a27137b6b39b4a78099806e551d390e394a8c34b48e40
  category: main
  optional: false
- name: tzdata
  version: 2025b
  manager: conda
  platform: linux-64
  dependencies: {}
  url: https://conda.anaconda.org/conda-forge/noarch/tzdata-2025b-h78e105d_0.conda
  hash:
    md5: 4222072737ccff51314b5ece9c7d6f5a
    sha256: 5aaa366385d716557e365f0a4e9c3fca43ba196872abbbe3d56bb610d131e192
  category: main
  optional: false
- name: unicodedata2
  version: 17.0.0
  manager: conda
  platform: linux-64
  dependencies:
    __glibc: '>=2.17,<3.0.a0'
    libgcc: '>=14'
    python: '>=3.10,<3.11.0a0'
    python_abi: 3.10.*
  url: https://conda.anaconda.org/conda-forge/linux-64/unicodedata2-17.0.0-py310h7c4b9e2_1.conda
  hash:
    md5: b1ccdb989be682ab0dd430c1c15d5012
    sha256: cffe509e0294586fbcee9cbb762d6144636c5d4a19defffda9f9c726a84b55e7
  category: main
  optional: false
- name: wheel
  version: 0.45.1
  manager: conda
  platform: linux-64
  dependencies:
    python: '>=3.9'
  url: https://conda.anaconda.org/conda-forge/noarch/wheel-0.45.1-pyhd8ed1ab_1.conda
  hash:
    md5: 75cb7132eb58d97896e173ef12ac9986
    sha256: 1b34021e815ff89a4d902d879c3bd2040bc1bd6169b32e9427497fa05c55f1ce
  category: main
  optional: false
- name: xorg-libxau
  version: 1.0.12
  manager: conda
  platform: linux-64
  dependencies:
    __glibc: '>=2.17,<3.0.a0'
    libgcc: '>=14'
  url: https://conda.anaconda.org/conda-forge/linux-64/xorg-libxau-1.0.12-hb03c661_1.conda
  hash:
    md5: b2895afaf55bf96a8c8282a2e47a5de0
    sha256: 6bc6ab7a90a5d8ac94c7e300cc10beb0500eeba4b99822768ca2f2ef356f731b
  category: main
  optional: false
- name: xorg-libxdmcp
  version: 1.1.5
  manager: conda
  platform: linux-64
  dependencies:
    __glibc: '>=2.17,<3.0.a0'
    libgcc: '>=14'
  url: https://conda.anaconda.org/conda-forge/linux-64/xorg-libxdmcp-1.1.5-hb03c661_1.conda
  hash:
    md5: 1dafce8548e38671bea82e3f5c6ce22f
    sha256: 25d255fb2eef929d21ff660a0c687d38a6d2ccfbcbf0cc6aa738b12af6e9d142
  category: main
  optional: false
- name: yaml
  version: 0.2.5
  manager: conda
  platform: linux-64
  dependencies:
    __glibc: '>=2.17,<3.0.a0'
    libgcc: '>=14'
  url: https://conda.anaconda.org/conda-forge/linux-64/yaml-0.2.5-h280c20c_3.conda
  hash:
    md5: a77f85f77be52ff59391544bfe73390a
    sha256: 6d9ea2f731e284e9316d95fa61869fe7bbba33df7929f82693c121022810f4ad
  category: main
  optional: false
- name: zipp
  version: 3.23.0
  manager: conda
  platform: linux-64
  dependencies:
    python: ''
  url: https://conda.anaconda.org/conda-forge/noarch/zipp-3.23.0-pyhcf101f3_1.conda
  hash:
    md5: 30cd29cb87d819caead4d55184c1d115
    sha256: b4533f7d9efc976511a73ef7d4a2473406d7f4c750884be8e8620b0ce70f4dae
  category: main
  optional: false
- name: zlib-ng
  version: 2.3.2
  manager: conda
  platform: linux-64
  dependencies:
    __glibc: '>=2.17,<3.0.a0'
    libgcc: '>=14'
    libstdcxx: '>=14'
  url: https://conda.anaconda.org/conda-forge/linux-64/zlib-ng-2.3.2-h54a6638_0.conda
  hash:
    md5: 0faadd01896315ceea58bcc3479b1d21
    sha256: 0afb07f3511031c35202036e2cd819c90edaa0c6a39a7a865146d3cb066bec96
  category: main
  optional: false
- name: zstd
  version: 1.5.7
  manager: conda
  platform: linux-64
  dependencies:
    __glibc: '>=2.17,<3.0.a0'
    libzlib: '>=1.3.1,<2.0a0'
  url: https://conda.anaconda.org/conda-forge/linux-64/zstd-1.5.7-hb78ec9c_6.conda
  hash:
    md5: 4a13eeac0b5c8e5b8ab496e6c4ddd829
    sha256: 68f0206ca6e98fea941e5717cec780ed2873ffabc0e1ed34428c061e2c6268c7
  category: main
  optional: false
